// !$*UTF8*$!
{
	archiveVersion = 1;
	classes = {
	};
	objectVersion = 50;
	objects = {

/* Begin PBXBuildFile section */
		D52F262421472F81002B4752 /* AppDelegate.swift in Sources */ = {isa = PBXBuildFile; fileRef = D52F262321472F80002B4752 /* AppDelegate.swift */; };
		D52F262621472F81002B4752 /* art.scnassets in Resources */ = {isa = PBXBuildFile; fileRef = D52F262521472F81002B4752 /* art.scnassets */; };
		D52F262821472F81002B4752 /* ViewController.swift in Sources */ = {isa = PBXBuildFile; fileRef = D52F262721472F81002B4752 /* ViewController.swift */; };
		D52F262B21472F81002B4752 /* Main.storyboard in Resources */ = {isa = PBXBuildFile; fileRef = D52F262921472F81002B4752 /* Main.storyboard */; };
		D52F262D21472F82002B4752 /* Assets.xcassets in Resources */ = {isa = PBXBuildFile; fileRef = D52F262C21472F82002B4752 /* Assets.xcassets */; };
		D52F263021472F82002B4752 /* LaunchScreen.storyboard in Resources */ = {isa = PBXBuildFile; fileRef = D52F262E21472F82002B4752 /* LaunchScreen.storyboard */; };
		D5A17E0B2158740200FB1FF4 /* SpriteOsu.swift in Sources */ = {isa = PBXBuildFile; fileRef = D5A17E0A2158740200FB1FF4 /* SpriteOsu.swift */; };
		D5A17E0D2158750800FB1FF4 /* OsuScene.sks in Resources */ = {isa = PBXBuildFile; fileRef = D5A17E0C2158750800FB1FF4 /* OsuScene.sks */; };
		D5A17E0F2158762C00FB1FF4 /* OsuScene.swift in Sources */ = {isa = PBXBuildFile; fileRef = D5A17E0E2158762C00FB1FF4 /* OsuScene.swift */; };
/* End PBXBuildFile section */

/* Begin PBXFileReference section */
		D52F262021472F80002B4752 /* Rythem Game ARKit.app */ = {isa = PBXFileReference; explicitFileType = wrapper.application; includeInIndex = 0; path = "Rythem Game ARKit.app"; sourceTree = BUILT_PRODUCTS_DIR; };
		D52F262321472F80002B4752 /* AppDelegate.swift */ = {isa = PBXFileReference; lastKnownFileType = sourcecode.swift; path = AppDelegate.swift; sourceTree = "<group>"; };
		D52F262521472F81002B4752 /* art.scnassets */ = {isa = PBXFileReference; lastKnownFileType = wrapper.scnassets; path = art.scnassets; sourceTree = "<group>"; };
		D52F262721472F81002B4752 /* ViewController.swift */ = {isa = PBXFileReference; lastKnownFileType = sourcecode.swift; path = ViewController.swift; sourceTree = "<group>"; };
		D52F262A21472F81002B4752 /* Base */ = {isa = PBXFileReference; lastKnownFileType = file.storyboard; name = Base; path = Base.lproj/Main.storyboard; sourceTree = "<group>"; };
		D52F262C21472F82002B4752 /* Assets.xcassets */ = {isa = PBXFileReference; lastKnownFileType = folder.assetcatalog; path = Assets.xcassets; sourceTree = "<group>"; };
		D52F262F21472F82002B4752 /* Base */ = {isa = PBXFileReference; lastKnownFileType = file.storyboard; name = Base; path = Base.lproj/LaunchScreen.storyboard; sourceTree = "<group>"; };
		D52F263121472F82002B4752 /* Info.plist */ = {isa = PBXFileReference; lastKnownFileType = text.plist.xml; path = Info.plist; sourceTree = "<group>"; };
		D5A17E0A2158740200FB1FF4 /* SpriteOsu.swift */ = {isa = PBXFileReference; lastKnownFileType = sourcecode.swift; path = SpriteOsu.swift; sourceTree = "<group>"; };
		D5A17E0C2158750800FB1FF4 /* OsuScene.sks */ = {isa = PBXFileReference; lastKnownFileType = file.sks; path = OsuScene.sks; sourceTree = "<group>"; };
		D5A17E0E2158762C00FB1FF4 /* OsuScene.swift */ = {isa = PBXFileReference; lastKnownFileType = sourcecode.swift; path = OsuScene.swift; sourceTree = "<group>"; };
/* End PBXFileReference section */

/* Begin PBXFrameworksBuildPhase section */
		D52F261D21472F80002B4752 /* Frameworks */ = {
			isa = PBXFrameworksBuildPhase;
			buildActionMask = 2147483647;
			files = (
			);
			runOnlyForDeploymentPostprocessing = 0;
		};
/* End PBXFrameworksBuildPhase section */

/* Begin PBXGroup section */
		D52F261721472F80002B4752 = {
			isa = PBXGroup;
			children = (
				D52F262221472F80002B4752 /* Rythem Game ARKit */,
				D52F262121472F80002B4752 /* Products */,
			);
			sourceTree = "<group>";
		};
		D52F262121472F80002B4752 /* Products */ = {
			isa = PBXGroup;
			children = (
				D52F262021472F80002B4752 /* Rythem Game ARKit.app */,
			);
			name = Products;
			sourceTree = "<group>";
		};
		D52F262221472F80002B4752 /* Rythem Game ARKit */ = {
			isa = PBXGroup;
			children = (
				D52F262321472F80002B4752 /* AppDelegate.swift */,
				D52F262521472F81002B4752 /* art.scnassets */,
				D52F262721472F81002B4752 /* ViewController.swift */,
				D52F262921472F81002B4752 /* Main.storyboard */,
				D52F262C21472F82002B4752 /* Assets.xcassets */,
				D52F262E21472F82002B4752 /* LaunchScreen.storyboard */,
				D52F263121472F82002B4752 /* Info.plist */,
				D5A17E0A2158740200FB1FF4 /* SpriteOsu.swift */,
				D5A17E0C2158750800FB1FF4 /* OsuScene.sks */,
				D5A17E0E2158762C00FB1FF4 /* OsuScene.swift */,
			);
			path = "Rythem Game ARKit";
			sourceTree = "<group>";
		};
/* End PBXGroup section */

/* Begin PBXNativeTarget section */
		D52F261F21472F80002B4752 /* Rythem Game ARKit */ = {
			isa = PBXNativeTarget;
			buildConfigurationList = D52F263421472F82002B4752 /* Build configuration list for PBXNativeTarget "Rythem Game ARKit" */;
			buildPhases = (
				D52F261C21472F80002B4752 /* Sources */,
				D52F261D21472F80002B4752 /* Frameworks */,
				D52F261E21472F80002B4752 /* Resources */,
			);
			buildRules = (
			);
			dependencies = (
			);
			name = "Rythem Game ARKit";
			productName = "Rythem Game ARKit";
			productReference = D52F262021472F80002B4752 /* Rythem Game ARKit.app */;
			productType = "com.apple.product-type.application";
		};
/* End PBXNativeTarget section */

/* Begin PBXProject section */
		D52F261821472F80002B4752 /* Project object */ = {
			isa = PBXProject;
			attributes = {
				LastSwiftUpdateCheck = 0940;
				LastUpgradeCheck = 0940;
				ORGANIZATIONNAME = "JJ & Axel";
				TargetAttributes = {
					D52F261F21472F80002B4752 = {
						CreatedOnToolsVersion = 9.4.1;
					};
				};
			};
			buildConfigurationList = D52F261B21472F80002B4752 /* Build configuration list for PBXProject "Rythem Game ARKit" */;
			compatibilityVersion = "Xcode 9.3";
			developmentRegion = en;
			hasScannedForEncodings = 0;
			knownRegions = (
				en,
				Base,
			);
			mainGroup = D52F261721472F80002B4752;
			productRefGroup = D52F262121472F80002B4752 /* Products */;
			projectDirPath = "";
			projectRoot = "";
			targets = (
				D52F261F21472F80002B4752 /* Rythem Game ARKit */,
			);
		};
/* End PBXProject section */

/* Begin PBXResourcesBuildPhase section */
		D52F261E21472F80002B4752 /* Resources */ = {
			isa = PBXResourcesBuildPhase;
			buildActionMask = 2147483647;
			files = (
				D52F262621472F81002B4752 /* art.scnassets in Resources */,
				D5A17E0D2158750800FB1FF4 /* OsuScene.sks in Resources */,
				D52F263021472F82002B4752 /* LaunchScreen.storyboard in Resources */,
				D52F262D21472F82002B4752 /* Assets.xcassets in Resources */,
				D52F262B21472F81002B4752 /* Main.storyboard in Resources */,
			);
			runOnlyForDeploymentPostprocessing = 0;
		};
/* End PBXResourcesBuildPhase section */

/* Begin PBXSourcesBuildPhase section */
		D52F261C21472F80002B4752 /* Sources */ = {
			isa = PBXSourcesBuildPhase;
			buildActionMask = 2147483647;
			files = (
				D52F262821472F81002B4752 /* ViewController.swift in Sources */,
				D5A17E0B2158740200FB1FF4 /* SpriteOsu.swift in Sources */,
				D5A17E0F2158762C00FB1FF4 /* OsuScene.swift in Sources */,
				D52F262421472F81002B4752 /* AppDelegate.swift in Sources */,
			);
			runOnlyForDeploymentPostprocessing = 0;
		};
/* End PBXSourcesBuildPhase section */

/* Begin PBXVariantGroup section */
		D52F262921472F81002B4752 /* Main.storyboard */ = {
			isa = PBXVariantGroup;
			children = (
				D52F262A21472F81002B4752 /* Base */,
			);
			name = Main.storyboard;
			sourceTree = "<group>";
		};
		D52F262E21472F82002B4752 /* LaunchScreen.storyboard */ = {
			isa = PBXVariantGroup;
			children = (
				D52F262F21472F82002B4752 /* Base */,
			);
			name = LaunchScreen.storyboard;
			sourceTree = "<group>";
		};
/* End PBXVariantGroup section */

/* Begin XCBuildConfiguration section */
		D52F263221472F82002B4752 /* Debug */ = {
			isa = XCBuildConfiguration;
			buildSettings = {
				ALWAYS_SEARCH_USER_PATHS = NO;
				CLANG_ANALYZER_NONNULL = YES;
				CLANG_ANALYZER_NUMBER_OBJECT_CONVERSION = YES_AGGRESSIVE;
				CLANG_CXX_LANGUAGE_STANDARD = "gnu++14";
				CLANG_CXX_LIBRARY = "libc++";
				CLANG_ENABLE_MODULES = YES;
				CLANG_ENABLE_OBJC_ARC = YES;
				CLANG_ENABLE_OBJC_WEAK = YES;
				CLANG_WARN_BLOCK_CAPTURE_AUTORELEASING = YES;
				CLANG_WARN_BOOL_CONVERSION = YES;
				CLANG_WARN_COMMA = YES;
				CLANG_WARN_CONSTANT_CONVERSION = YES;
				CLANG_WARN_DEPRECATED_OBJC_IMPLEMENTATIONS = YES;
				CLANG_WARN_DIRECT_OBJC_ISA_USAGE = YES_ERROR;
				CLANG_WARN_DOCUMENTATION_COMMENTS = YES;
				CLANG_WARN_EMPTY_BODY = YES;
				CLANG_WARN_ENUM_CONVERSION = YES;
				CLANG_WARN_INFINITE_RECURSION = YES;
				CLANG_WARN_INT_CONVERSION = YES;
				CLANG_WARN_NON_LITERAL_NULL_CONVERSION = YES;
				CLANG_WARN_OBJC_IMPLICIT_RETAIN_SELF = YES;
				CLANG_WARN_OBJC_LITERAL_CONVERSION = YES;
				CLANG_WARN_OBJC_ROOT_CLASS = YES_ERROR;
				CLANG_WARN_RANGE_LOOP_ANALYSIS = YES;
				CLANG_WARN_STRICT_PROTOTYPES = YES;
				CLANG_WARN_SUSPICIOUS_MOVE = YES;
				CLANG_WARN_UNGUARDED_AVAILABILITY = YES_AGGRESSIVE;
				CLANG_WARN_UNREACHABLE_CODE = YES;
				CLANG_WARN__DUPLICATE_METHOD_MATCH = YES;
				CODE_SIGN_IDENTITY = "iPhone Developer";
				COPY_PHASE_STRIP = NO;
				DEBUG_INFORMATION_FORMAT = dwarf;
				ENABLE_STRICT_OBJC_MSGSEND = YES;
				ENABLE_TESTABILITY = YES;
				GCC_C_LANGUAGE_STANDARD = gnu11;
				GCC_DYNAMIC_NO_PIC = NO;
				GCC_NO_COMMON_BLOCKS = YES;
				GCC_OPTIMIZATION_LEVEL = 0;
				GCC_PREPROCESSOR_DEFINITIONS = (
					"DEBUG=1",
					"$(inherited)",
				);
				GCC_WARN_64_TO_32_BIT_CONVERSION = YES;
				GCC_WARN_ABOUT_RETURN_TYPE = YES_ERROR;
				GCC_WARN_UNDECLARED_SELECTOR = YES;
				GCC_WARN_UNINITIALIZED_AUTOS = YES_AGGRESSIVE;
				GCC_WARN_UNUSED_FUNCTION = YES;
				GCC_WARN_UNUSED_VARIABLE = YES;
				IPHONEOS_DEPLOYMENT_TARGET = 11.4;
				MTL_ENABLE_DEBUG_INFO = YES;
				ONLY_ACTIVE_ARCH = YES;
				SDKROOT = iphoneos;
				SWIFT_ACTIVE_COMPILATION_CONDITIONS = DEBUG;
				SWIFT_OPTIMIZATION_LEVEL = "-Onone";
			};
			name = Debug;
		};
		D52F263321472F82002B4752 /* Release */ = {
			isa = XCBuildConfiguration;
			buildSettings = {
				ALWAYS_SEARCH_USER_PATHS = NO;
				CLANG_ANALYZER_NONNULL = YES;
				CLANG_ANALYZER_NUMBER_OBJECT_CONVERSION = YES_AGGRESSIVE;
				CLANG_CXX_LANGUAGE_STANDARD = "gnu++14";
				CLANG_CXX_LIBRARY = "libc++";
				CLANG_ENABLE_MODULES = YES;
				CLANG_ENABLE_OBJC_ARC = YES;
				CLANG_ENABLE_OBJC_WEAK = YES;
				CLANG_WARN_BLOCK_CAPTURE_AUTORELEASING = YES;
				CLANG_WARN_BOOL_CONVERSION = YES;
				CLANG_WARN_COMMA = YES;
				CLANG_WARN_CONSTANT_CONVERSION = YES;
				CLANG_WARN_DEPRECATED_OBJC_IMPLEMENTATIONS = YES;
				CLANG_WARN_DIRECT_OBJC_ISA_USAGE = YES_ERROR;
				CLANG_WARN_DOCUMENTATION_COMMENTS = YES;
				CLANG_WARN_EMPTY_BODY = YES;
				CLANG_WARN_ENUM_CONVERSION = YES;
				CLANG_WARN_INFINITE_RECURSION = YES;
				CLANG_WARN_INT_CONVERSION = YES;
				CLANG_WARN_NON_LITERAL_NULL_CONVERSION = YES;
				CLANG_WARN_OBJC_IMPLICIT_RETAIN_SELF = YES;
				CLANG_WARN_OBJC_LITERAL_CONVERSION = YES;
				CLANG_WARN_OBJC_ROOT_CLASS = YES_ERROR;
				CLANG_WARN_RANGE_LOOP_ANALYSIS = YES;
				CLANG_WARN_STRICT_PROTOTYPES = YES;
				CLANG_WARN_SUSPICIOUS_MOVE = YES;
				CLANG_WARN_UNGUARDED_AVAILABILITY = YES_AGGRESSIVE;
				CLANG_WARN_UNREACHABLE_CODE = YES;
				CLANG_WARN__DUPLICATE_METHOD_MATCH = YES;
				CODE_SIGN_IDENTITY = "iPhone Developer";
				COPY_PHASE_STRIP = NO;
				DEBUG_INFORMATION_FORMAT = "dwarf-with-dsym";
				ENABLE_NS_ASSERTIONS = NO;
				ENABLE_STRICT_OBJC_MSGSEND = YES;
				GCC_C_LANGUAGE_STANDARD = gnu11;
				GCC_NO_COMMON_BLOCKS = YES;
				GCC_WARN_64_TO_32_BIT_CONVERSION = YES;
				GCC_WARN_ABOUT_RETURN_TYPE = YES_ERROR;
				GCC_WARN_UNDECLARED_SELECTOR = YES;
				GCC_WARN_UNINITIALIZED_AUTOS = YES_AGGRESSIVE;
				GCC_WARN_UNUSED_FUNCTION = YES;
				GCC_WARN_UNUSED_VARIABLE = YES;
				IPHONEOS_DEPLOYMENT_TARGET = 11.4;
				MTL_ENABLE_DEBUG_INFO = NO;
				SDKROOT = iphoneos;
				SWIFT_COMPILATION_MODE = wholemodule;
				SWIFT_OPTIMIZATION_LEVEL = "-O";
				VALIDATE_PRODUCT = YES;
			};
			name = Release;
		};
		D52F263521472F82002B4752 /* Debug */ = {
			isa = XCBuildConfiguration;
			buildSettings = {
				ASSETCATALOG_COMPILER_APPICON_NAME = AppIcon;
				CODE_SIGN_STYLE = Automatic;
				DEVELOPMENT_TEAM = 332XUZ2XMW;
				INFOPLIST_FILE = "Rythem Game ARKit/Info.plist";
				LD_RUNPATH_SEARCH_PATHS = (
					"$(inherited)",
					"@executable_path/Frameworks",
				);
				PRODUCT_BUNDLE_IDENTIFIER = "JJ---Axel.Rythem-Game-ARKit";
				PRODUCT_NAME = "$(TARGET_NAME)";
				SWIFT_VERSION = 4.0;
				TARGETED_DEVICE_FAMILY = "1,2";
			};
			name = Debug;
		};
		D52F263621472F82002B4752 /* Release */ = {
			isa = XCBuildConfiguration;
			buildSettings = {
				ASSETCATALOG_COMPILER_APPICON_NAME = AppIcon;
				CODE_SIGN_STYLE = Automatic;
				DEVELOPMENT_TEAM = 332XUZ2XMW;
				INFOPLIST_FILE = "Rythem Game ARKit/Info.plist";
				LD_RUNPATH_SEARCH_PATHS = (
					"$(inherited)",
					"@executable_path/Frameworks",
				);
				PRODUCT_BUNDLE_IDENTIFIER = "JJ---Axel.Rythem-Game-ARKit";
				PRODUCT_NAME = "$(TARGET_NAME)";
				SWIFT_VERSION = 4.0;
				TARGETED_DEVICE_FAMILY = "1,2";
			};
			name = Release;
		};
/* End XCBuildConfiguration section */

/* Begin XCConfigurationList section */
		D52F261B21472F80002B4752 /* Build configuration list for PBXProject "Rythem Game ARKit" */ = {
			isa = XCConfigurationList;
			buildConfigurations = (
				D52F263221472F82002B4752 /* Debug */,
				D52F263321472F82002B4752 /* Release */,
			);
			defaultConfigurationIsVisible = 0;
			defaultConfigurationName = Release;
		};
		D52F263421472F82002B4752 /* Build configuration list for PBXNativeTarget "Rythem Game ARKit" */ = {
			isa = XCConfigurationList;
			buildConfigurations = (
				D52F263521472F82002B4752 /* Debug */,
				D52F263621472F82002B4752 /* Release */,
			);
			defaultConfigurationIsVisible = 0;
			defaultConfigurationName = Release;
		};
/* End XCConfigurationList section */
	};
	rootObject = D52F261821472F80002B4752 /* Project object */;
}
